dependencies:
- name: postgresql
  repository: https://charts.bitnami.com/bitnami
  version: 10.12.2
- name: postgresql
  repository: https://charts.bitnami.com/bitnami
  version: 10.12.2
- name: keycloak
  repository: https://charts.bitnami.com/bitnami
  version: 5.1.5
digest: sha256:bba3a4cdac3346cbab21da3d74dca672f2fa7cade1d93597432f36bb7eac563d
generated: "2021-11-01T23:39:16.155382+03:00"
